
Microsoft Visual Studio Solution File, Format Version 12.00
# Visual Studio 15
VisualStudioVersion = 15.0.26228.13
MinimumVisualStudioVersion = 10.0.40219.1
Project("{FAE04EC0-301F-11D3-BF4B-00C04F79EFBC}") = "CECHarmonization", "CECHarmonization\CECHarmonization.csproj", "{3A8FF982-8C2E-4FD1-8E62-238275DDF15E}"
EndProject
Project("{FAE04EC0-301F-11D3-BF4B-00C04F79EFBC}") = "MicaData", "MicaData\MicaData.csproj", "{2F17BBDF-D3E4-45A2-9AE8-ACFDD5DAC4DE}"
EndProject
Global
	GlobalSection(SolutionConfigurationPlatforms) = preSolution
		Debug|Any CPU = Debug|Any CPU
		Release|Any CPU = Release|Any CPU
	EndGlobalSection
	GlobalSection(ProjectConfigurationPlatforms) = postSolution
		{3A8FF982-8C2E-4FD1-8E62-238275DDF15E}.Debug|Any CPU.ActiveCfg = Debug|Any CPU
		{3A8FF982-8C2E-4FD1-8E62-238275DDF15E}.Debug|Any CPU.Build.0 = Debug|Any CPU
		{3A8FF982-8C2E-4FD1-8E62-238275DDF15E}.Release|Any CPU.ActiveCfg = Release|Any CPU
		{3A8FF982-8C2E-4FD1-8E62-238275DDF15E}.Release|Any CPU.Build.0 = Release|Any CPU
		{2F17BBDF-D3E4-45A2-9AE8-ACFDD5DAC4DE}.Debug|Any CPU.ActiveCfg = Debug|Any CPU
		{2F17BBDF-D3E4-45A2-9AE8-ACFDD5DAC4DE}.Debug|Any CPU.Build.0 = Debug|Any CPU
		{2F17BBDF-D3E4-45A2-9AE8-ACFDD5DAC4DE}.Release|Any CPU.ActiveCfg = Release|Any CPU
		{2F17BBDF-D3E4-45A2-9AE8-ACFDD5DAC4DE}.Release|Any CPU.Build.0 = Release|Any CPU
	EndGlobalSection
	GlobalSection(SolutionProperties) = preSolution
		HideSolutionNode = FALSE
	EndGlobalSection
	GlobalSection(TeamFoundationVersionControl) = preSolution
		SccNumberOfProjects = 3
		SccEnterpriseProvider = {4CA58AB2-18FA-4F8D-95D4-32DDF27D184C}
		SccTeamFoundationServer = http://westfs13:8080/tfs/hasson-cbingleygrp
		SccLocalPath0 = .
		SccProjectUniqueName1 = CECHarmonization\\CECHarmonization.csproj
		SccProjectName1 = CECHarmonization
		SccLocalPath1 = CECHarmonization
		SccProjectUniqueName2 = MicaData\\MicaData.csproj
		SccProjectName2 = MicaData
		SccLocalPath2 = MicaData
	EndGlobalSection
EndGlobal
